
Microsoft Visual Studio Solution File, Format Version 12.00
# Visual Studio Version 16
VisualStudioVersion = 16.0.29324.140
MinimumVisualStudioVersion = 10.0.40219.1
Project("{8BC9CEB8-8B4A-11D0-8D11-00A0C91BC942}") = "esercizio 9 ottobre 2019", "esercizio 9 ottobre 2019.vcxproj", "{B24F2990-A155-4FD1-A8E4-729A5177DE43}"
EndProject
Global
	GlobalSection(SolutionConfigurationPlatforms) = preSolution
		Debug|x64 = Debug|x64
		Debug|x86 = Debug|x86
		Release|x64 = Release|x64
		Release|x86 = Release|x86
	EndGlobalSection
	GlobalSection(ProjectConfigurationPlatforms) = postSolution
		{B24F2990-A155-4FD1-A8E4-729A5177DE43}.Debug|x64.ActiveCfg = Debug|x64
		{B24F2990-A155-4FD1-A8E4-729A5177DE43}.Debug|x64.Build.0 = Debug|x64
		{B24F2990-A155-4FD1-A8E4-729A5177DE43}.Debug|x86.ActiveCfg = Debug|Win32
		{B24F2990-A155-4FD1-A8E4-729A5177DE43}.Debug|x86.Build.0 = Debug|Win32
		{B24F2990-A155-4FD1-A8E4-729A5177DE43}.Release|x64.ActiveCfg = Release|x64
		{B24F2990-A155-4FD1-A8E4-729A5177DE43}.Release|x64.Build.0 = Release|x64
		{B24F2990-A155-4FD1-A8E4-729A5177DE43}.Release|x86.ActiveCfg = Release|Win32
		{B24F2990-A155-4FD1-A8E4-729A5177DE43}.Release|x86.Build.0 = Release|Win32
	EndGlobalSection
	GlobalSection(SolutionProperties) = preSolution
		HideSolutionNode = FALSE
	EndGlobalSection
	GlobalSection(ExtensibilityGlobals) = postSolution
		SolutionGuid = {A448DCC2-25C3-4D1E-BF05-9F2612EF1B0B}
	EndGlobalSection
EndGlobal
