
Microsoft Visual Studio Solution File, Format Version 12.00
# Visual Studio Version 16
VisualStudioVersion = 16.0.29324.140
MinimumVisualStudioVersion = 10.0.40219.1
Project("{8BC9CEB8-8B4A-11D0-8D11-00A0C91BC942}") = "determinante matrici NxN", "determinante matrici NxN.vcxproj", "{92597039-0A37-4236-8FDD-189D17DDA7F4}"
EndProject
Global
	GlobalSection(SolutionConfigurationPlatforms) = preSolution
		Debug|x64 = Debug|x64
		Debug|x86 = Debug|x86
		Release|x64 = Release|x64
		Release|x86 = Release|x86
	EndGlobalSection
	GlobalSection(ProjectConfigurationPlatforms) = postSolution
		{92597039-0A37-4236-8FDD-189D17DDA7F4}.Debug|x64.ActiveCfg = Debug|x64
		{92597039-0A37-4236-8FDD-189D17DDA7F4}.Debug|x64.Build.0 = Debug|x64
		{92597039-0A37-4236-8FDD-189D17DDA7F4}.Debug|x86.ActiveCfg = Debug|Win32
		{92597039-0A37-4236-8FDD-189D17DDA7F4}.Debug|x86.Build.0 = Debug|Win32
		{92597039-0A37-4236-8FDD-189D17DDA7F4}.Release|x64.ActiveCfg = Release|x64
		{92597039-0A37-4236-8FDD-189D17DDA7F4}.Release|x64.Build.0 = Release|x64
		{92597039-0A37-4236-8FDD-189D17DDA7F4}.Release|x86.ActiveCfg = Release|Win32
		{92597039-0A37-4236-8FDD-189D17DDA7F4}.Release|x86.Build.0 = Release|Win32
	EndGlobalSection
	GlobalSection(SolutionProperties) = preSolution
		HideSolutionNode = FALSE
	EndGlobalSection
	GlobalSection(ExtensibilityGlobals) = postSolution
		SolutionGuid = {28143285-28D7-4B8A-846F-5DD4FF6CCF84}
	EndGlobalSection
EndGlobal
